Microsoft Visual Studio Solution File, Format Version 12.00
# Visual Studio Version 17
VisualStudioVersion = 17.5.2.0
MinimumVisualStudioVersion = 10.0.40219.1
Project("{FAE04EC0-301F-11D3-BF4B-00C04F79EFBC}") = "ClaimPortal.Api", "ClaimPortal.Api\ClaimPortal.Api.csproj", "{0C76F16F-9B13-8E2A-368F-83054065F88E}"
EndProject
Project("{FAE04EC0-301F-11D3-BF4B-00C04F79EFBC}") = "ClaimPortal", "ClaimPortal\ClaimPortal.csproj", "{8D4BF331-D230-A76F-E85B-5278F4F70A5C}"
EndProject
Global
	GlobalSection(SolutionConfigurationPlatforms) = preSolution
		Debug|Any CPU = Debug|Any CPU
		Release|Any CPU = Release|Any CPU
	EndGlobalSection
	GlobalSection(ProjectConfigurationPlatforms) = postSolution
		{0C76F16F-9B13-8E2A-368F-83054065F88E}.Debug|Any CPU.ActiveCfg = Debug|Any CPU
		{0C76F16F-9B13-8E2A-368F-83054065F88E}.Debug|Any CPU.Build.0 = Debug|Any CPU
		{0C76F16F-9B13-8E2A-368F-83054065F88E}.Release|Any CPU.ActiveCfg = Release|Any CPU
		{0C76F16F-9B13-8E2A-368F-83054065F88E}.Release|Any CPU.Build.0 = Release|Any CPU
		{8D4BF331-D230-A76F-E85B-5278F4F70A5C}.Debug|Any CPU.ActiveCfg = Debug|Any CPU
		{8D4BF331-D230-A76F-E85B-5278F4F70A5C}.Debug|Any CPU.Build.0 = Debug|Any CPU
		{8D4BF331-D230-A76F-E85B-5278F4F70A5C}.Release|Any CPU.ActiveCfg = Release|Any CPU
		{8D4BF331-D230-A76F-E85B-5278F4F70A5C}.Release|Any CPU.Build.0 = Release|Any CPU
	EndGlobalSection
	GlobalSection(SolutionProperties) = preSolution
		HideSolutionNode = FALSE
	EndGlobalSection
	GlobalSection(ExtensibilityGlobals) = postSolution
		SolutionGuid = {A3A3E915-2693-483D-990E-E80FF4213F74}
	EndGlobalSection
EndGlobal
